// !$*UTF8*$!
{
	archiveVersion = 1;
	classes = {
	};
	objectVersion = 46;
	objects = {

/* Begin PBXBuildFile section */
		28F698B91EBB830D001E3C27 /* main.m in Sources */ = {isa = PBXBuildFile; fileRef = 28F698B81EBB830D001E3C27 /* main.m */; };
		28F698BC1EBB830D001E3C27 /* AppDelegate.m in Sources */ = {isa = PBXBuildFile; fileRef = 28F698BB1EBB830D001E3C27 /* AppDelegate.m */; };
		28F698BF1EBB830D001E3C27 /* ViewController.m in Sources */ = {isa = PBXBuildFile; fileRef = 28F698BE1EBB830D001E3C27 /* ViewController.m */; };
		28F698C21EBB830D001E3C27 /* Main.storyboard in Resources */ = {isa = PBXBuildFile; fileRef = 28F698C01EBB830D001E3C27 /* Main.storyboard */; };
		28F698C41EBB830D001E3C27 /* Assets.xcassets in Resources */ = {isa = PBXBuildFile; fileRef = 28F698C31EBB830D001E3C27 /* Assets.xcassets */; };
		28F698C71EBB830D001E3C27 /* LaunchScreen.storyboard in Resources */ = {isa = PBXBuildFile; fileRef = 28F698C51EBB830D001E3C27 /* LaunchScreen.storyboard */; };
		28F698D21EBB830D001E3C27 /* MutualMobileTests.m in Sources */ = {isa = PBXBuildFile; fileRef = 28F698D11EBB830D001E3C27 /* MutualMobileTests.m */; };
/* End PBXBuildFile section */

/* Begin PBXContainerItemProxy section */
		28F698CE1EBB830D001E3C27 /* PBXContainerItemProxy */ = {
			isa = PBXContainerItemProxy;
			containerPortal = 28F698AC1EBB830D001E3C27 /* Project object */;
			proxyType = 1;
			remoteGlobalIDString = 28F698B31EBB830D001E3C27;
			remoteInfo = MutualMobile;
		};
/* End PBXContainerItemProxy section */

/* Begin PBXFileReference section */
		28F698B41EBB830D001E3C27 /* MutualMobile.app */ = {isa = PBXFileReference; explicitFileType = wrapper.application; includeInIndex = 0; path = MutualMobile.app; sourceTree = BUILT_PRODUCTS_DIR; };
		28F698B81EBB830D001E3C27 /* main.m */ = {isa = PBXFileReference; lastKnownFileType = sourcecode.c.objc; path = main.m; sourceTree = "<group>"; };
		28F698BA1EBB830D001E3C27 /* AppDelegate.h */ = {isa = PBXFileReference; lastKnownFileType = sourcecode.c.h; path = AppDelegate.h; sourceTree = "<group>"; };
		28F698BB1EBB830D001E3C27 /* AppDelegate.m */ = {isa = PBXFileReference; lastKnownFileType = sourcecode.c.objc; path = AppDelegate.m; sourceTree = "<group>"; };
		28F698BD1EBB830D001E3C27 /* ViewController.h */ = {isa = PBXFileReference; lastKnownFileType = sourcecode.c.h; path = ViewController.h; sourceTree = "<group>"; };
		28F698BE1EBB830D001E3C27 /* ViewController.m */ = {isa = PBXFileReference; lastKnownFileType = sourcecode.c.objc; path = ViewController.m; sourceTree = "<group>"; };
		28F698C11EBB830D001E3C27 /* Base */ = {isa = PBXFileReference; lastKnownFileType = file.storyboard; name = Base; path = Base.lproj/Main.storyboard; sourceTree = "<group>"; };
		28F698C31EBB830D001E3C27 /* Assets.xcassets */ = {isa = PBXFileReference; lastKnownFileType = folder.assetcatalog; path = Assets.xcassets; sourceTree = "<group>"; };
		28F698C61EBB830D001E3C27 /* Base */ = {isa = PBXFileReference; lastKnownFileType = file.storyboard; name = Base; path = Base.lproj/LaunchScreen.storyboard; sourceTree = "<group>"; };
		28F698C81EBB830D001E3C27 /* Info.plist */ = {isa = PBXFileReference; lastKnownFileType = text.plist.xml; path = Info.plist; sourceTree = "<group>"; };
		28F698CD1EBB830D001E3C27 /* MutualMobileTests.xctest */ = {isa = PBXFileReference; explicitFileType = wrapper.cfbundle; includeInIndex = 0; path = MutualMobileTests.xctest; sourceTree = BUILT_PRODUCTS_DIR; };
		28F698D11EBB830D001E3C27 /* MutualMobileTests.m */ = {isa = PBXFileReference; lastKnownFileType = sourcecode.c.objc; path = MutualMobileTests.m; sourceTree = "<group>"; };
		28F698D31EBB830D001E3C27 /* Info.plist */ = {isa = PBXFileReference; lastKnownFileType = text.plist.xml; path = Info.plist; sourceTree = "<group>"; };
/* End PBXFileReference section */

/* Begin PBXFrameworksBuildPhase section */
		28F698B11EBB830D001E3C27 /* Frameworks */ = {
			isa = PBXFrameworksBuildPhase;
			buildActionMask = 2147483647;
			files = (
			);
			runOnlyForDeploymentPostprocessing = 0;
		};
		28F698CA1EBB830D001E3C27 /* Frameworks */ = {
			isa = PBXFrameworksBuildPhase;
			buildActionMask = 2147483647;
			files = (
			);
			runOnlyForDeploymentPostprocessing = 0;
		};
/* End PBXFrameworksBuildPhase section */

/* Begin PBXGroup section */
		28F698AB1EBB830D001E3C27 = {
			isa = PBXGroup;
			children = (
				28F698B61EBB830D001E3C27 /* MutualMobile */,
				28F698D01EBB830D001E3C27 /* MutualMobileTests */,
				28F698B51EBB830D001E3C27 /* Products */,
			);
			sourceTree = "<group>";
		};
		28F698B51EBB830D001E3C27 /* Products */ = {
			isa = PBXGroup;
			children = (
				28F698B41EBB830D001E3C27 /* MutualMobile.app */,
				28F698CD1EBB830D001E3C27 /* MutualMobileTests.xctest */,
			);
			name = Products;
			sourceTree = "<group>";
		};
		28F698B61EBB830D001E3C27 /* MutualMobile */ = {
			isa = PBXGroup;
			children = (
				28F698BA1EBB830D001E3C27 /* AppDelegate.h */,
				28F698BB1EBB830D001E3C27 /* AppDelegate.m */,
				28F698BD1EBB830D001E3C27 /* ViewController.h */,
				28F698BE1EBB830D001E3C27 /* ViewController.m */,
				28F698C01EBB830D001E3C27 /* Main.storyboard */,
				28F698C31EBB830D001E3C27 /* Assets.xcassets */,
				28F698C51EBB830D001E3C27 /* LaunchScreen.storyboard */,
				28F698C81EBB830D001E3C27 /* Info.plist */,
				28F698B71EBB830D001E3C27 /* Supporting Files */,
			);
			path = MutualMobile;
			sourceTree = "<group>";
		};
		28F698B71EBB830D001E3C27 /* Supporting Files */ = {
			isa = PBXGroup;
			children = (
				28F698B81EBB830D001E3C27 /* main.m */,
			);
			name = "Supporting Files";
			sourceTree = "<group>";
		};
		28F698D01EBB830D001E3C27 /* MutualMobileTests */ = {
			isa = PBXGroup;
			children = (
				28F698D11EBB830D001E3C27 /* MutualMobileTests.m */,
				28F698D31EBB830D001E3C27 /* Info.plist */,
			);
			path = MutualMobileTests;
			sourceTree = "<group>";
		};
/* End PBXGroup section */

/* Begin PBXNativeTarget section */
		28F698B31EBB830D001E3C27 /* MutualMobile */ = {
			isa = PBXNativeTarget;
			buildConfigurationList = 28F698D61EBB830D001E3C27 /* Build configuration list for PBXNativeTarget "MutualMobile" */;
			buildPhases = (
				28F698B01EBB830D001E3C27 /* Sources */,
				28F698B11EBB830D001E3C27 /* Frameworks */,
				28F698B21EBB830D001E3C27 /* Resources */,
			);
			buildRules = (
			);
			dependencies = (
			);
			name = MutualMobile;
			productName = MutualMobile;
			productReference = 28F698B41EBB830D001E3C27 /* MutualMobile.app */;
			productType = "com.apple.product-type.application";
		};
		28F698CC1EBB830D001E3C27 /* MutualMobileTests */ = {
			isa = PBXNativeTarget;
			buildConfigurationList = 28F698D91EBB830D001E3C27 /* Build configuration list for PBXNativeTarget "MutualMobileTests" */;
			buildPhases = (
				28F698C91EBB830D001E3C27 /* Sources */,
				28F698CA1EBB830D001E3C27 /* Frameworks */,
				28F698CB1EBB830D001E3C27 /* Resources */,
			);
			buildRules = (
			);
			dependencies = (
				28F698CF1EBB830D001E3C27 /* PBXTargetDependency */,
			);
			name = MutualMobileTests;
			productName = MutualMobileTests;
			productReference = 28F698CD1EBB830D001E3C27 /* MutualMobileTests.xctest */;
			productType = "com.apple.product-type.bundle.unit-test";
		};
/* End PBXNativeTarget section */

/* Begin PBXProject section */
		28F698AC1EBB830D001E3C27 /* Project object */ = {
			isa = PBXProject;
			attributes = {
				LastUpgradeCheck = 0830;
				ORGANIZATIONNAME = "Anuj Rajput";
				TargetAttributes = {
					28F698B31EBB830D001E3C27 = {
						CreatedOnToolsVersion = 8.3.2;
						DevelopmentTeam = 7J6K4B3S7P;
						ProvisioningStyle = Automatic;
					};
					28F698CC1EBB830D001E3C27 = {
						CreatedOnToolsVersion = 8.3.2;
						DevelopmentTeam = 7J6K4B3S7P;
						ProvisioningStyle = Automatic;
						TestTargetID = 28F698B31EBB830D001E3C27;
					};
				};
			};
			buildConfigurationList = 28F698AF1EBB830D001E3C27 /* Build configuration list for PBXProject "MutualMobile" */;
			compatibilityVersion = "Xcode 3.2";
			developmentRegion = English;
			hasScannedForEncodings = 0;
			knownRegions = (
				en,
				Base,
			);
			mainGroup = 28F698AB1EBB830D001E3C27;
			productRefGroup = 28F698B51EBB830D001E3C27 /* Products */;
			projectDirPath = "";
			projectRoot = "";
			targets = (
				28F698B31EBB830D001E3C27 /* MutualMobile */,
				28F698CC1EBB830D001E3C27 /* MutualMobileTests */,
			);
		};
/* End PBXProject section */

/* Begin PBXResourcesBuildPhase section */
		28F698B21EBB830D001E3C27 /* Resources */ = {
			isa = PBXResourcesBuildPhase;
			buildActionMask = 2147483647;
			files = (
				28F698C71EBB830D001E3C27 /* LaunchScreen.storyboard in Resources */,
				28F698C41EBB830D001E3C27 /* Assets.xcassets in Resources */,
				28F698C21EBB830D001E3C27 /* Main.storyboard in Resources */,
			);
			runOnlyForDeploymentPostprocessing = 0;
		};
		28F698CB1EBB830D001E3C27 /* Resources */ = {
			isa = PBXResourcesBuildPhase;
			buildActionMask = 2147483647;
			files = (
			);
			runOnlyForDeploymentPostprocessing = 0;
		};
/* End PBXResourcesBuildPhase section */

/* Begin PBXSourcesBuildPhase section */
		28F698B01EBB830D001E3C27 /* Sources */ = {
			isa = PBXSourcesBuildPhase;
			buildActionMask = 2147483647;
			files = (
				28F698BF1EBB830D001E3C27 /* ViewController.m in Sources */,
				28F698BC1EBB830D001E3C27 /* AppDelegate.m in Sources */,
				28F698B91EBB830D001E3C27 /* main.m in Sources */,
			);
			runOnlyForDeploymentPostprocessing = 0;
		};
		28F698C91EBB830D001E3C27 /* Sources */ = {
			isa = PBXSourcesBuildPhase;
			buildActionMask = 2147483647;
			files = (
				28F698D21EBB830D001E3C27 /* MutualMobileTests.m in Sources */,
			);
			runOnlyForDeploymentPostprocessing = 0;
		};
/* End PBXSourcesBuildPhase section */

/* Begin PBXTargetDependency section */
		28F698CF1EBB830D001E3C27 /* PBXTargetDependency */ = {
			isa = PBXTargetDependency;
			target = 28F698B31EBB830D001E3C27 /* MutualMobile */;
			targetProxy = 28F698CE1EBB830D001E3C27 /* PBXContainerItemProxy */;
		};
/* End PBXTargetDependency section */

/* Begin PBXVariantGroup section */
		28F698C01EBB830D001E3C27 /* Main.storyboard */ = {
			isa = PBXVariantGroup;
			children = (
				28F698C11EBB830D001E3C27 /* Base */,
			);
			name = Main.storyboard;
			sourceTree = "<group>";
		};
		28F698C51EBB830D001E3C27 /* LaunchScreen.storyboard */ = {
			isa = PBXVariantGroup;
			children = (
				28F698C61EBB830D001E3C27 /* Base */,
			);
			name = LaunchScreen.storyboard;
			sourceTree = "<group>";
		};
/* End PBXVariantGroup section */

/* Begin XCBuildConfiguration section */
		28F698D41EBB830D001E3C27 /* Debug */ = {
			isa = XCBuildConfiguration;
			buildSettings = {
				ALWAYS_SEARCH_USER_PATHS = NO;
				CLANG_ANALYZER_NONNULL = YES;
				CLANG_ANALYZER_NUMBER_OBJECT_CONVERSION = YES_AGGRESSIVE;
				CLANG_CXX_LANGUAGE_STANDARD = "gnu++0x";
				CLANG_CXX_LIBRARY = "libc++";
				CLANG_ENABLE_MODULES = YES;
				CLANG_ENABLE_OBJC_ARC = YES;
				CLANG_WARN_BOOL_CONVERSION = YES;
				CLANG_WARN_CONSTANT_CONVERSION = YES;
				CLANG_WARN_DIRECT_OBJC_ISA_USAGE = YES_ERROR;
				CLANG_WARN_DOCUMENTATION_COMMENTS = YES;
				CLANG_WARN_EMPTY_BODY = YES;
				CLANG_WARN_ENUM_CONVERSION = YES;
				CLANG_WARN_INFINITE_RECURSION = YES;
				CLANG_WARN_INT_CONVERSION = YES;
				CLANG_WARN_OBJC_ROOT_CLASS = YES_ERROR;
				CLANG_WARN_SUSPICIOUS_MOVE = YES;
				CLANG_WARN_UNREACHABLE_CODE = YES;
				CLANG_WARN__DUPLICATE_METHOD_MATCH = YES;
				"CODE_SIGN_IDENTITY[sdk=iphoneos*]" = "iPhone Developer";
				COPY_PHASE_STRIP = NO;
				DEBUG_INFORMATION_FORMAT = dwarf;
				ENABLE_STRICT_OBJC_MSGSEND = YES;
				ENABLE_TESTABILITY = YES;
				GCC_C_LANGUAGE_STANDARD = gnu99;
				GCC_DYNAMIC_NO_PIC = NO;
				GCC_NO_COMMON_BLOCKS = YES;
				GCC_OPTIMIZATION_LEVEL = 0;
				GCC_PREPROCESSOR_DEFINITIONS = (
					"DEBUG=1",
					"$(inherited)",
				);
				GCC_WARN_64_TO_32_BIT_CONVERSION = YES;
				GCC_WARN_ABOUT_RETURN_TYPE = YES_ERROR;
				GCC_WARN_UNDECLARED_SELECTOR = YES;
				GCC_WARN_UNINITIALIZED_AUTOS = YES_AGGRESSIVE;
				GCC_WARN_UNUSED_FUNCTION = YES;
				GCC_WARN_UNUSED_VARIABLE = YES;
				IPHONEOS_DEPLOYMENT_TARGET = 10.3;
				MTL_ENABLE_DEBUG_INFO = YES;
				ONLY_ACTIVE_ARCH = YES;
				SDKROOT = iphoneos;
			};
			name = Debug;
		};
		28F698D51EBB830D001E3C27 /* Release */ = {
			isa = XCBuildConfiguration;
			buildSettings = {
				ALWAYS_SEARCH_USER_PATHS = NO;
				CLANG_ANALYZER_NONNULL = YES;
				CLANG_ANALYZER_NUMBER_OBJECT_CONVERSION = YES_AGGRESSIVE;
				CLANG_CXX_LANGUAGE_STANDARD = "gnu++0x";
				CLANG_CXX_LIBRARY = "libc++";
				CLANG_ENABLE_MODULES = YES;
				CLANG_ENABLE_OBJC_ARC = YES;
				CLANG_WARN_BOOL_CONVERSION = YES;
				CLANG_WARN_CONSTANT_CONVERSION = YES;
				CLANG_WARN_DIRECT_OBJC_ISA_USAGE = YES_ERROR;
				CLANG_WARN_DOCUMENTATION_COMMENTS = YES;
				CLANG_WARN_EMPTY_BODY = YES;
				CLANG_WARN_ENUM_CONVERSION = YES;
				CLANG_WARN_INFINITE_RECURSION = YES;
				CLANG_WARN_INT_CONVERSION = YES;
				CLANG_WARN_OBJC_ROOT_CLASS = YES_ERROR;
				CLANG_WARN_SUSPICIOUS_MOVE = YES;
				CLANG_WARN_UNREACHABLE_CODE = YES;
				CLANG_WARN__DUPLICATE_METHOD_MATCH = YES;
				"CODE_SIGN_IDENTITY[sdk=iphoneos*]" = "iPhone Developer";
				COPY_PHASE_STRIP = NO;
				DEBUG_INFORMATION_FORMAT = "dwarf-with-dsym";
				ENABLE_NS_ASSERTIONS = NO;
				ENABLE_STRICT_OBJC_MSGSEND = YES;
				GCC_C_LANGUAGE_STANDARD = gnu99;
				GCC_NO_COMMON_BLOCKS = YES;
				GCC_WARN_64_TO_32_BIT_CONVERSION = YES;
				GCC_WARN_ABOUT_RETURN_TYPE = YES_ERROR;
				GCC_WARN_UNDECLARED_SELECTOR = YES;
				GCC_WARN_UNINITIALIZED_AUTOS = YES_AGGRESSIVE;
				GCC_WARN_UNUSED_FUNCTION = YES;
				GCC_WARN_UNUSED_VARIABLE = YES;
				IPHONEOS_DEPLOYMENT_TARGET = 10.3;
				MTL_ENABLE_DEBUG_INFO = NO;
				SDKROOT = iphoneos;
				VALIDATE_PRODUCT = YES;
			};
			name = Release;
		};
		28F698D71EBB830D001E3C27 /* Debug */ = {
			isa = XCBuildConfiguration;
			buildSettings = {
				ASSETCATALOG_COMPILER_APPICON_NAME = AppIcon;
				DEVELOPMENT_TEAM = 7J6K4B3S7P;
				INFOPLIST_FILE = MutualMobile/Info.plist;
				LD_RUNPATH_SEARCH_PATHS = "$(inherited) @executable_path/Frameworks";
				PRODUCT_BUNDLE_IDENTIFIER = com.anujrajput.MutualMobile;
				PRODUCT_NAME = "$(TARGET_NAME)";
			};
			name = Debug;
		};
		28F698D81EBB830D001E3C27 /* Release */ = {
			isa = XCBuildConfiguration;
			buildSettings = {
				ASSETCATALOG_COMPILER_APPICON_NAME = AppIcon;
				DEVELOPMENT_TEAM = 7J6K4B3S7P;
				INFOPLIST_FILE = MutualMobile/Info.plist;
				LD_RUNPATH_SEARCH_PATHS = "$(inherited) @executable_path/Frameworks";
				PRODUCT_BUNDLE_IDENTIFIER = com.anujrajput.MutualMobile;
				PRODUCT_NAME = "$(TARGET_NAME)";
			};
			name = Release;
		};
		28F698DA1EBB830D001E3C27 /* Debug */ = {
			isa = XCBuildConfiguration;
			buildSettings = {
				BUNDLE_LOADER = "$(TEST_HOST)";
				DEVELOPMENT_TEAM = 7J6K4B3S7P;
				INFOPLIST_FILE = MutualMobileTests/Info.plist;
				LD_RUNPATH_SEARCH_PATHS = "$(inherited) @executable_path/Frameworks @loader_path/Frameworks";
				PRODUCT_BUNDLE_IDENTIFIER = com.anujrajput.MutualMobileTests;
				PRODUCT_NAME = "$(TARGET_NAME)";
				TEST_HOST = "$(BUILT_PRODUCTS_DIR)/MutualMobile.app/MutualMobile";
			};
			name = Debug;
		};
		28F698DB1EBB830D001E3C27 /* Release */ = {
			isa = XCBuildConfiguration;
			buildSettings = {
				BUNDLE_LOADER = "$(TEST_HOST)";
				DEVELOPMENT_TEAM = 7J6K4B3S7P;
				INFOPLIST_FILE = MutualMobileTests/Info.plist;
				LD_RUNPATH_SEARCH_PATHS = "$(inherited) @executable_path/Frameworks @loader_path/Frameworks";
				PRODUCT_BUNDLE_IDENTIFIER = com.anujrajput.MutualMobileTests;
				PRODUCT_NAME = "$(TARGET_NAME)";
				TEST_HOST = "$(BUILT_PRODUCTS_DIR)/MutualMobile.app/MutualMobile";
			};
			name = Release;
		};
/* End XCBuildConfiguration section */

/* Begin XCConfigurationList section */
		28F698AF1EBB830D001E3C27 /* Build configuration list for PBXProject "MutualMobile" */ = {
			isa = XCConfigurationList;
			buildConfigurations = (
				28F698D41EBB830D001E3C27 /* Debug */,
				28F698D51EBB830D001E3C27 /* Release */,
			);
			defaultConfigurationIsVisible = 0;
			defaultConfigurationName = Release;
		};
		28F698D61EBB830D001E3C27 /* Build configuration list for PBXNativeTarget "MutualMobile" */ = {
			isa = XCConfigurationList;
			buildConfigurations = (
				28F698D71EBB830D001E3C27 /* Debug */,
				28F698D81EBB830D001E3C27 /* Release */,
			);
			defaultConfigurationIsVisible = 0;
		};
		28F698D91EBB830D001E3C27 /* Build configuration list for PBXNativeTarget "MutualMobileTests" */ = {
			isa = XCConfigurationList;
			buildConfigurations = (
				28F698DA1EBB830D001E3C27 /* Debug */,
				28F698DB1EBB830D001E3C27 /* Release */,
			);
			defaultConfigurationIsVisible = 0;
		};
/* End XCConfigurationList section */
	};
	rootObject = 28F698AC1EBB830D001E3C27 /* Project object */;
}
